# THIS IS AN AUTOGENERATED FILE. DO NOT EDIT THIS FILE DIRECTLY.
# yarn lockfile v1


font-awesome@^4.7.0:
  version "4.7.0"
  resolved "https://registry.yarnpkg.com/font-awesome/-/font-awesome-4.7.0.tgz#8fa8cf0411a1a31afd07b06d2902bb9fc815a133"

fontawesome@^4.7.2:
  version "4.7.2"
  resolved "https://registry.yarnpkg.com/fontawesome/-/fontawesome-4.7.2.tgz#7f0c72ac7a6b029d3375bacb23522d9acfc50a52"

sweetalert@^2.0.3:
  version "2.0.3"
  resolved "https://registry.yarnpkg.com/sweetalert/-/sweetalert-2.0.3.tgz#a6027b741fca4db6d7a2e4a2769c971d7ed7f95e"
